# THIS IS AN AUTOGENERATED FILE. DO NOT EDIT THIS FILE DIRECTLY.
# yarn lockfile v1


stimulus-content-loader@^4.0.1:
  version "4.0.1"
  resolved "https://registry.yarnpkg.com/stimulus-content-loader/-/stimulus-content-loader-4.0.1.tgz#8e57d519a28c9d74e082633037c0de67fc8640db"
  integrity sha512-XztvmKLLbOQCgQLXuOagnU3/EA559xpXr2moUWwi2XP5LfDpM6EOFput5w4QVc07TLYCGrKsKe34fgwWSSEKqA==
